dependencies:
- name: kube-prometheus-stack
  repository: https://prometheus-community.github.io/helm-charts
  version: 16.5.0
- name: node-problem-detector
  repository: https://charts.deliveryhero.io/
  version: 2.0.5
digest: sha256:dbd415d49e75b981ec7319effc051d7fc9a299b6317bedc3001f3179128ed6db
generated: "2021-08-30T12:27:03.54243733+05:30"
