dependencies:
- name: kube-prometheus-stack
  repository: https://prometheus-community.github.io/helm-charts
  version: 16.5.0
- name: node-problem-detector
  repository: https://charts.deliveryhero.io/
  version: 2.0.*
digest: sha256:1dba903873609c62d6cdd4ed785b9830d40bd682082020f112881fe82016b629
generated: "2021-07-15T21:28:58.364243362+05:30"
