dependencies:
- name: kube-prometheus-stack
  repository: https://prometheus-community.github.io/helm-charts
  version: 16.5.0
- name: node-problem-detector
  repository: https://charts.deliveryhero.io/
  version: 2.0.4
digest: sha256:8025e42fa1597e718ff930a5796c02fa6bb5c811d075110ba8f7a121df9dcb3e
generated: "2021-08-20T10:06:45.415344681+05:30"
